
Microsoft Visual Studio Solution File, Format Version 12.00
# Visual Studio Version 17
VisualStudioVersion = 17.10.34916.146
MinimumVisualStudioVersion = 10.0.40219.1
Project("{FAE04EC0-301F-11D3-BF4B-00C04F79EFBC}") = "WinFormsApp1", "WinFormsApp1\WinFormsApp1.csproj", "{F524ED42-3BBB-4DC5-A5A8-7B02CC3C4F82}"
EndProject
Global
	GlobalSection(SolutionConfigurationPlatforms) = preSolution
		Debug|Any CPU = Debug|Any CPU
		Release|Any CPU = Release|Any CPU
	EndGlobalSection
	GlobalSection(ProjectConfigurationPlatforms) = postSolution
		{F524ED42-3BBB-4DC5-A5A8-7B02CC3C4F82}.Debug|Any CPU.ActiveCfg = Debug|Any CPU
		{F524ED42-3BBB-4DC5-A5A8-7B02CC3C4F82}.Debug|Any CPU.Build.0 = Debug|Any CPU
		{F524ED42-3BBB-4DC5-A5A8-7B02CC3C4F82}.Release|Any CPU.ActiveCfg = Release|Any CPU
		{F524ED42-3BBB-4DC5-A5A8-7B02CC3C4F82}.Release|Any CPU.Build.0 = Release|Any CPU
	EndGlobalSection
	GlobalSection(SolutionProperties) = preSolution
		HideSolutionNode = FALSE
	EndGlobalSection
	GlobalSection(ExtensibilityGlobals) = postSolution
		SolutionGuid = {E2E0D9B7-273C-4476-9A1A-26E59D352F30}
	EndGlobalSection
EndGlobal
